{
  "name": "kaivu-agent",
  "version": "0.1.0",
  "lockfileVersion": 3,
  "requires": true,
  "packages": {
    "": {
      "name": "kaivu-agent",
      "version": "0.1.0",
      "dependencies": {
        "marked": "^18.0.1"
      },
      "devDependencies": {
        "@openai/codex": "^0.120.0",
        "@types/node": "^24.12.2",
        "dotenv": "^16.4.5",
        "typescript": "^5.5.0",
        "undici": "^7.16.0"
      }
    },
    "node_modules/@openai/codex": {
      "version": "0.120.0",
      "resolved": "https://registry.npmjs.org/@openai/codex/-/codex-0.120.0.tgz",
      "integrity": "sha512-e2P1Gya3dwsRe9IPOiswVz5JfR700u+/sWCqDc3jkqv2QViPkNiBmZoGhFnZL5jBpKakSjehC4/Fpspg70nHTw==",
      "dev": true,
      "license": "Apache-2.0",
      "bin": {
        "codex": "bin/codex.js"
      },
      "engines": {
        "node": ">=16"
      },
      "optionalDependencies": {
        "@openai/codex-darwin-arm64": "npm:@openai/codex@0.120.0-darwin-arm64",
        "@openai/codex-darwin-x64": "npm:@openai/codex@0.120.0-darwin-x64",
        "@openai/codex-linux-arm64": "npm:@openai/codex@0.120.0-linux-arm64",
        "@openai/codex-linux-x64": "npm:@openai/codex@0.120.0-linux-x64",
        "@openai/codex-win32-arm64": "npm:@openai/codex@0.120.0-win32-arm64",
        "@openai/codex-win32-x64": "npm:@openai/codex@0.120.0-win32-x64"
      }
    },
    "node_modules/@openai/codex-darwin-arm64": {
      "name": "@openai/codex",
      "version": "0.120.0-darwin-arm64",
      "resolved": "https://registry.npmjs.org/@openai/codex/-/codex-0.120.0-darwin-arm64.tgz",
      "integrity": "sha512-7CU+I5kBaMuoqfG3xisq0mUWzxoEHvfu34cB8a0KpBiIhAgu12fKpmYgZ4/DvRP6Wm9Fu6LJYKVF5apUHFp8nQ==",
      "cpu": [
        "arm64"
      ],
      "dev": true,
      "license": "Apache-2.0",
      "optional": true,
      "os": [
        "darwin"
      ],
      "engines": {
        "node": ">=16"
      }
    },
    "node_modules/@openai/codex-darwin-x64": {
      "name": "@openai/codex",
      "version": "0.120.0-darwin-x64",
      "resolved": "https://registry.npmjs.org/@openai/codex/-/codex-0.120.0-darwin-x64.tgz",
      "integrity": "sha512-d7joNYuwrmd5iIdp/xAE5f8bZT1r82MnmU6Hzgxq3G+xClwEyhxU737ZWnstFSpnZNfxJ5zXCuFUJh4CAkHNtQ==",
      "cpu": [
        "x64"
      ],
      "dev": true,
      "license": "Apache-2.0",
      "optional": true,
      "os": [
        "darwin"
      ],
      "engines": {
        "node": ">=16"
      }
    },
    "node_modules/@openai/codex-linux-arm64": {
      "name": "@openai/codex",
      "version": "0.120.0-linux-arm64",
      "resolved": "https://registry.npmjs.org/@openai/codex/-/codex-0.120.0-linux-arm64.tgz",
      "integrity": "sha512-sVYY25/URlpZPtb0Q0ryLh+lcq9UTEtHAkdZKa0a/R7mAdyPuhpU9V6jWmxwiUh7s53XZOEVFoKmLfH8YIDWCQ==",
      "cpu": [
        "arm64"
      ],
      "dev": true,
      "license": "Apache-2.0",
      "optional": true,
      "os": [
        "linux"
      ],
      "engines": {
        "node": ">=16"
      }
    },
    "node_modules/@openai/codex-linux-x64": {
      "name": "@openai/codex",
      "version": "0.120.0-linux-x64",
      "resolved": "https://registry.npmjs.org/@openai/codex/-/codex-0.120.0-linux-x64.tgz",
      "integrity": "sha512-VcP9B/c/O+EFEgqoetCzvHrLfAdo8vrt09Gx1lJ8ikewctqAuJ/ozj/6wuvlz7XaaK64ib5cge01pOAeCyt2Sg==",
      "cpu": [
        "x64"
      ],
      "dev": true,
      "license": "Apache-2.0",
      "optional": true,
      "os": [
        "linux"
      ],
      "engines": {
        "node": ">=16"
      }
    },
    "node_modules/@openai/codex-win32-arm64": {
      "name": "@openai/codex",
      "version": "0.120.0-win32-arm64",
      "resolved": "https://registry.npmjs.org/@openai/codex/-/codex-0.120.0-win32-arm64.tgz",
      "integrity": "sha512-SAaTQU1XHa1qDnmQldmbyROIY5SiaspF+Cw3ziWeeTgyAET3rWusm4ELOElx6QiY1ugYW5ZD+7AFufS2z1xtpQ==",
      "cpu": [
        "arm64"
      ],
      "dev": true,
      "license": "Apache-2.0",
      "optional": true,
      "os": [
        "win32"
      ],
      "engines": {
        "node": ">=16"
      }
    },
    "node_modules/@openai/codex-win32-x64": {
      "name": "@openai/codex",
      "version": "0.120.0-win32-x64",
      "resolved": "https://registry.npmjs.org/@openai/codex/-/codex-0.120.0-win32-x64.tgz",
      "integrity": "sha512-zja1GNrbHyOUTvOy5FVMa+rAYIs3m+FOS8rAXftxMEhodMmkMw2O8zcvso657SHhZR0hIEiZ6T70lcyH2YX0mQ==",
      "cpu": [
        "x64"
      ],
      "dev": true,
      "license": "Apache-2.0",
      "optional": true,
      "os": [
        "win32"
      ],
      "engines": {
        "node": ">=16"
      }
    },
    "node_modules/@types/node": {
      "version": "24.12.2",
      "resolved": "https://registry.npmjs.org/@types/node/-/node-24.12.2.tgz",
      "integrity": "sha512-A1sre26ke7HDIuY/M23nd9gfB+nrmhtYyMINbjI1zHJxYteKR6qSMX56FsmjMcDb3SMcjJg5BiRRgOCC/yBD0g==",
      "dev": true,
      "license": "MIT",
      "dependencies": {
        "undici-types": "~7.16.0"
      }
    },
    "node_modules/dotenv": {
      "version": "16.6.1",
      "resolved": "https://registry.npmjs.org/dotenv/-/dotenv-16.6.1.tgz",
      "integrity": "sha512-uBq4egWHTcTt33a72vpSG0z3HnPuIl6NqYcTrKEg2azoEyl2hpW0zqlxysq2pK9HlDIHyHyakeYaYnSAwd8bow==",
      "dev": true,
      "license": "BSD-2-Clause",
      "engines": {
        "node": ">=12"
      },
      "funding": {
        "url": "https://dotenvx.com"
      }
    },
    "node_modules/marked": {
      "version": "18.0.1",
      "resolved": "https://registry.npmjs.org/marked/-/marked-18.0.1.tgz",
      "integrity": "sha512-IILJE4Aap/KIGu4ZRCzQcYMxkhumblXnbqfQe+HAD4f982wrRAsJEGKGM653yAioS6g3Yq3yOhjrUebcrtOgRA==",
      "license": "MIT",
      "bin": {
        "marked": "bin/marked.js"
      },
      "engines": {
        "node": ">= 20"
      }
    },
    "node_modules/typescript": {
      "version": "5.9.3",
      "resolved": "https://registry.npmjs.org/typescript/-/typescript-5.9.3.tgz",
      "integrity": "sha512-jl1vZzPDinLr9eUt3J/t7V6FgNEw9QjvBPdysz9KfQDD41fQrC2Y4vKQdiaUpFT4bXlb1RHhLpp8wtm6M5TgSw==",
      "dev": true,
      "license": "Apache-2.0",
      "bin": {
        "tsc": "bin/tsc",
        "tsserver": "bin/tsserver"
      },
      "engines": {
        "node": ">=14.17"
      }
    },
    "node_modules/undici": {
      "version": "7.25.0",
      "resolved": "https://registry.npmjs.org/undici/-/undici-7.25.0.tgz",
      "integrity": "sha512-xXnp4kTyor2Zq+J1FfPI6Eq3ew5h6Vl0F/8d9XU5zZQf1tX9s2Su1/3PiMmUANFULpmksxkClamIZcaUqryHsQ==",
      "dev": true,
      "license": "MIT",
      "engines": {
        "node": ">=20.18.1"
      }
    },
    "node_modules/undici-types": {
      "version": "7.16.0",
      "resolved": "https://registry.npmjs.org/undici-types/-/undici-types-7.16.0.tgz",
      "integrity": "sha512-Zz+aZWSj8LE6zoxD+xrjh4VfkIG8Ya6LvYkZqtUQGJPZjYl53ypCaUwWqo7eI0x66KBGeRo+mlBEkMSeSZ38Nw==",
      "dev": true,
      "license": "MIT"
    }
  }
}
